langcode: en
status: false
dependencies:
  module:
    - smart_content_cdn
  theme:
    - spokes
id: hero_personalized
theme: spokes
region: content
weight: 0
provider: null
plugin: smart_content_cdn_ssr_decision_block
settings:
  id: smart_content_cdn_ssr_decision_block
  label: 'Hero - Personalized'
  label_display: '0'
  provider: smart_content_cdn
  decision_storage: {  }
  decision_storage_serialized: "O:71:\"Drupal\\smart_content\\Plugin\\smart_content\\Decision\\Storage\\ConfigEntity\":9:{s:9:\"\0*\0entity\";O:42:\"Drupal\\smart_content\\Entity\\DecisionConfig\":20:{s:5:\"\0*\0id\";s:36:\"c2cbeaa5-8aad-4835-ae98-d96b0ea6ff12\";s:8:\"settings\";a:6:{s:7:\"default\";s:36:\"d2a56e1c-2a61-4e38-a7e3-3319b53558c1\";s:2:\"id\";s:23:\"multiple_block_decision\";s:14:\"segmentStorage\";a:1:{s:2:\"id\";s:26:\"global_segment_set:regions\";}s:9:\"reactions\";a:3:{s:36:\"dee37fdc-0537-4f56-bcac-422dfe3e3b80\";a:3:{s:2:\"id\";s:14:\"display_blocks\";s:10:\"segment_id\";s:36:\"dee37fdc-0537-4f56-bcac-422dfe3e3b80\";s:6:\"blocks\";a:1:{s:50:\"block_content:20adb562-c2fc-40b2-80bc-75797db2fec0\";a:7:{s:2:\"id\";s:50:\"block_content:20adb562-c2fc-40b2-80bc-75797db2fec0\";s:5:\"label\";s:23:\"Hero: TycheBikes Canada\";s:13:\"label_display\";i:0;s:8:\"provider\";s:13:\"block_content\";s:6:\"status\";b:1;s:4:\"info\";s:0:\"\";s:9:\"view_mode\";s:4:\"full\";}}}s:36:\"d2a56e1c-2a61-4e38-a7e3-3319b53558c1\";a:3:{s:2:\"id\";s:14:\"display_blocks\";s:10:\"segment_id\";s:36:\"d2a56e1c-2a61-4e38-a7e3-3319b53558c1\";s:6:\"blocks\";a:1:{s:50:\"block_content:20adb562-c2fc-40b2-80bc-75797d12dec0\";a:7:{s:2:\"id\";s:50:\"block_content:20adb562-c2fc-40b2-80bc-75797d12dec0\";s:5:\"label\";s:19:\"Hero: TycheBikes US\";s:13:\"label_display\";s:7:\"visible\";s:8:\"provider\";s:13:\"block_content\";s:6:\"status\";b:1;s:4:\"info\";s:0:\"\";s:9:\"view_mode\";s:4:\"full\";}}}s:36:\"2d816bde-0273-4da3-b869-6c76d3920b5b\";a:3:{s:2:\"id\";s:14:\"display_blocks\";s:10:\"segment_id\";s:36:\"2d816bde-0273-4da3-b869-6c76d3920b5b\";s:6:\"blocks\";a:1:{s:50:\"block_content:20adb562-c2fc-40b2-80bc-75797db2eec0\";a:7:{s:2:\"id\";s:50:\"block_content:20adb562-c2fc-40b2-80bc-75797db2eec0\";s:5:\"label\";s:23:\"Hero: TycheBikes Europe\";s:13:\"label_display\";s:7:\"visible\";s:8:\"provider\";s:13:\"block_content\";s:6:\"status\";b:1;s:4:\"info\";s:0:\"\";s:9:\"view_mode\";s:4:\"full\";}}}}s:5:\"token\";s:36:\"67b605ac-1748-450c-a958-28a19e1c8d2b\";s:10:\"storage_id\";s:13:\"config_entity\";}s:11:\"\0*\0decision\";O:78:\"Drupal\\smart_content_block\\Plugin\\smart_content\\Decision\\MultipleBlockDecision\":14:{s:15:\"\0*\0savedDefault\";N;s:12:\"\0*\0reactions\";a:3:{s:36:\"dee37fdc-0537-4f56-bcac-422dfe3e3b80\";a:3:{s:2:\"id\";s:14:\"display_blocks\";s:10:\"segment_id\";s:36:\"dee37fdc-0537-4f56-bcac-422dfe3e3b80\";s:6:\"blocks\";a:1:{s:50:\"block_content:20adb562-c2fc-40b2-80bc-75797db2fec0\";a:7:{s:2:\"id\";s:50:\"block_content:20adb562-c2fc-40b2-80bc-75797db2fec0\";s:5:\"label\";s:23:\"Hero: TycheBikes Canada\";s:13:\"label_display\";i:0;s:8:\"provider\";s:13:\"block_content\";s:6:\"status\";b:1;s:4:\"info\";s:0:\"\";s:9:\"view_mode\";s:4:\"full\";}}}s:36:\"d2a56e1c-2a61-4e38-a7e3-3319b53558c1\";a:3:{s:2:\"id\";s:14:\"display_blocks\";s:10:\"segment_id\";s:36:\"d2a56e1c-2a61-4e38-a7e3-3319b53558c1\";s:6:\"blocks\";a:1:{s:50:\"block_content:20adb562-c2fc-40b2-80bc-75797d12dec0\";a:7:{s:2:\"id\";s:50:\"block_content:20adb562-c2fc-40b2-80bc-75797d12dec0\";s:5:\"label\";s:19:\"Hero: TycheBikes US\";s:13:\"label_display\";s:7:\"visible\";s:8:\"provider\";s:13:\"block_content\";s:6:\"status\";b:1;s:4:\"info\";s:0:\"\";s:9:\"view_mode\";s:4:\"full\";}}}s:36:\"2d816bde-0273-4da3-b869-6c76d3920b5b\";a:3:{s:2:\"id\";s:14:\"display_blocks\";s:10:\"segment_id\";s:36:\"2d816bde-0273-4da3-b869-6c76d3920b5b\";s:6:\"blocks\";a:1:{s:50:\"block_content:20adb562-c2fc-40b2-80bc-75797db2eec0\";a:7:{s:2:\"id\";s:50:\"block_content:20adb562-c2fc-40b2-80bc-75797db2eec0\";s:5:\"label\";s:23:\"Hero: TycheBikes Europe\";s:13:\"label_display\";s:7:\"visible\";s:8:\"provider\";s:13:\"block_content\";s:6:\"status\";b:1;s:4:\"info\";s:0:\"\";s:9:\"view_mode\";s:4:\"full\";}}}}s:17:\"\0*\0segmentStorage\";a:1:{s:2:\"id\";s:26:\"global_segment_set:regions\";}s:8:\"\0*\0token\";s:36:\"67b605ac-1748-450c-a958-28a19e1c8d2b\";s:12:\"\0*\0storageId\";s:13:\"config_entity\";s:10:\"\0*\0context\";a:0:{}s:11:\"\0*\0pluginId\";s:23:\"multiple_block_decision\";s:19:\"\0*\0pluginDefinition\";a:4:{s:2:\"id\";s:23:\"multiple_block_decision\";s:5:\"label\";O:48:\"Drupal\\Core\\StringTranslation\\TranslatableMarkup\":3:{s:9:\"\0*\0string\";s:23:\"Multiple Block Decision\";s:12:\"\0*\0arguments\";a:0:{}s:10:\"\0*\0options\";a:0:{}}s:5:\"class\";s:78:\"Drupal\\smart_content_block\\Plugin\\smart_content\\Decision\\MultipleBlockDecision\";s:8:\"provider\";s:19:\"smart_content_block\";}s:16:\"\0*\0configuration\";a:0:{}s:27:\"\0*\0initializedContextConfig\";b:0;s:19:\"\0*\0typedDataManager\";N;s:14:\"\0*\0_serviceIds\";a:6:{s:16:\"conditionManager\";s:38:\"plugin.manager.smart_content.condition\";s:24:\"segmentSetStorageManager\";s:48:\"plugin.manager.smart_content.segment_set_storage\";s:15:\"reactionManager\";s:37:\"plugin.manager.smart_content.reaction\";s:15:\"eventDispatcher\";s:16:\"event_dispatcher\";s:13:\"uuidGenerator\";s:4:\"uuid\";s:17:\"stringTranslation\";s:18:\"string_translation\";}s:18:\"\0*\0_entityStorages\";a:0:{}s:12:\"\0*\0messenger\";N;}s:13:\"\0*\0originalId\";s:36:\"c2cbeaa5-8aad-4835-ae98-d96b0ea6ff12\";s:9:\"\0*\0status\";b:1;s:7:\"\0*\0uuid\";s:36:\"43294d7b-0b90-4b74-a295-785df8fcee8d\";s:11:\"\0*\0langcode\";s:2:\"en\";s:23:\"\0*\0third_party_settings\";a:0:{}s:8:\"\0*\0_core\";a:0:{}s:14:\"\0*\0trustedData\";b:0;s:15:\"\0*\0entityTypeId\";s:29:\"smart_content_decision_config\";s:15:\"\0*\0enforceIsNew\";b:1;s:12:\"\0*\0typedData\";N;s:16:\"\0*\0cacheContexts\";a:0:{}s:12:\"\0*\0cacheTags\";a:0:{}s:14:\"\0*\0cacheMaxAge\";i:-1;s:14:\"\0*\0_serviceIds\";a:0:{}s:18:\"\0*\0_entityStorages\";a:0:{}s:15:\"\0*\0dependencies\";a:0:{}s:12:\"\0*\0isSyncing\";b:0;}s:11:\"\0*\0decision\";r:48;s:11:\"\0*\0pluginId\";s:13:\"config_entity\";s:19:\"\0*\0pluginDefinition\";a:4:{s:2:\"id\";s:13:\"config_entity\";s:5:\"label\";O:48:\"Drupal\\Core\\StringTranslation\\TranslatableMarkup\":3:{s:9:\"\0*\0string\";s:13:\"Config Entity\";s:12:\"\0*\0arguments\";a:0:{}s:10:\"\0*\0options\";a:0:{}}s:5:\"class\";s:71:\"Drupal\\smart_content\\Plugin\\smart_content\\Decision\\Storage\\ConfigEntity\";s:8:\"provider\";s:13:\"smart_content\";}s:16:\"\0*\0configuration\";a:0:{}s:20:\"\0*\0stringTranslation\";N;s:14:\"\0*\0_serviceIds\";a:1:{s:13:\"uuidGenerator\";s:4:\"uuid\";}s:18:\"\0*\0_entityStorages\";a:0:{}s:12:\"\0*\0messenger\";N;}"
visibility: {  }
